{
  "name": "assets",
  "lockfileVersion": 2,
  "requires": true,
  "packages": {
    "": {
      "dependencies": {
        "bootstrap": "^5.1.3",
        "ethers": "^6.0.0-beta.9"
      }
    },
    "node_modules/@ethersproject/abi": {
      "version": "6.0.0-beta.3",
      "resolved": "https://registry.npmjs.org/@ethersproject/abi/-/abi-6.0.0-beta.3.tgz",
      "integrity": "sha512-LoQlc8pQySNNfK0KDPnzH5ibf1E2GdBDHEvMNRbyGFTyYe4hy5clJ2iOkEZMbFt+eiBvptH2jDhB/Zhu77TJSQ==",
      "dependencies": {
        "@ethersproject/address": "^6.0.0-beta.1",
        "@ethersproject/bytes": "^6.0.0-beta.1",
        "@ethersproject/crypto": "^6.0.0-beta.1",
        "@ethersproject/hash": "^6.0.0-beta.1",
        "@ethersproject/logger": "^6.0.0-beta.1",
        "@ethersproject/math": "^6.0.0-beta.1",
        "@ethersproject/properties": "^6.0.0-beta.1",
        "@ethersproject/rlp": "^6.0.0-beta.1",
        "@ethersproject/strings": "^6.0.0-beta.1"
      },
      "engines": {
        "node": ">=12.17.0"
      }
    },
    "node_modules/@ethersproject/address": {
      "version": "6.0.0-beta.2",
      "resolved": "https://registry.npmjs.org/@ethersproject/address/-/address-6.0.0-beta.2.tgz",
      "integrity": "sha512-FnCEwDD3edepRXv4Y2wuGyLE1NiXEplYzDkHIU77LLzxYsrmcoiJuFFeNIDPJOjPYGUq01Mv2UEAxYGq/RJsQA==",
      "dependencies": {
        "@ethersproject/bytes": "^6.0.0-beta.1",
        "@ethersproject/crypto": "^6.0.0-beta.1",
        "@ethersproject/logger": "^6.0.0-beta.1",
        "@ethersproject/rlp": "^6.0.0-beta.1"
      },
      "engines": {
        "node": ">=12.17.0"
      }
    },
    "node_modules/@ethersproject/bytes": {
      "version": "6.0.0-beta.3",
      "resolved": "https://registry.npmjs.org/@ethersproject/bytes/-/bytes-6.0.0-beta.3.tgz",
      "integrity": "sha512-yA496ZVE/GsYYSMsjdOaWGHHYz+S2EEeG8xNKnSoPo0tUzPa+XC8bfURSv5p1Og+Sw5JsZahADlisOPzN6v+LQ==",
      "dependencies": {
        "@ethersproject/logger": "^6.0.0-beta.1"
      },
      "engines": {
        "node": ">=12.17.0"
      }
    },
    "node_modules/@ethersproject/contract": {
      "version": "6.0.0-beta.4",
      "resolved": "https://registry.npmjs.org/@ethersproject/contract/-/contract-6.0.0-beta.4.tgz",
      "integrity": "sha512-qtex6eqQGVDSKQRJIRzEg1JSixX/wyXYLbDu1ffKMJxOHMeKi1jLUgD0UzZ4FkyPsJ4oUbYmZyuqt1+L0tfWuA==",
      "dependencies": {
        "@ethersproject/abi": "^6.0.0-beta.1",
        "@ethersproject/address": "^6.0.0-beta.1",
        "@ethersproject/bytes": "^6.0.0-beta.1",
        "@ethersproject/logger": "^6.0.0-beta.1",
        "@ethersproject/math": "^6.0.0-beta.1",
        "@ethersproject/properties": "^6.0.0-beta.1",
        "@ethersproject/providers": "^6.0.0-beta.1",
        "@ethersproject/transaction": "^6.0.0-beta.1"
      },
      "engines": {
        "node": ">=12.17.0"
      }
    },
    "node_modules/@ethersproject/crypto": {
      "version": "6.0.0-beta.2",
      "resolved": "https://registry.npmjs.org/@ethersproject/crypto/-/crypto-6.0.0-beta.2.tgz",
      "integrity": "sha512-8lsD4NY+zVGme8++ZosMQbWIPAgcsuphwMVg9TEQbyq/tkf5IcPNVjbm5M+cFjMpkWc2qXhGd8OIrgMuZp2qng==",
      "dependencies": {
        "@ethersproject/bytes": "^6.0.0-beta.1",
        "@ethersproject/logger": "^6.0.0-beta.1",
        "@noble/hashes": "1.0.0"
      },
      "engines": {
        "node": ">=12.17.0"
      }
    },
    "node_modules/@ethersproject/hash": {
      "version": "6.0.0-beta.7",
      "resolved": "https://registry.npmjs.org/@ethersproject/hash/-/hash-6.0.0-beta.7.tgz",
      "integrity": "sha512-+4HhU6gohm2VFwljAIXBUPOs9OSjq1Vcsy27e6pTdM9TJ/68N3Res3HisZq0pE3yT+f9FxgxHPJP3DecoBLIvw==",
      "dependencies": {
        "@ethersproject/address": "^6.0.0-beta.1",
        "@ethersproject/bytes": "^6.0.0-beta.1",
        "@ethersproject/crypto": "^6.0.0-beta.1",
        "@ethersproject/logger": "^6.0.0-beta.1",
        "@ethersproject/math": "^6.0.0-beta.1",
        "@ethersproject/properties": "^6.0.0-beta.1",
        "@ethersproject/strings": "^6.0.0-beta.1"
      },
      "engines": {
        "node": ">=12.17.0"
      }
    },
    "node_modules/@ethersproject/logger": {
      "version": "6.0.0-beta.7",
      "resolved": "https://registry.npmjs.org/@ethersproject/logger/-/logger-6.0.0-beta.7.tgz",
      "integrity": "sha512-n+ss5A6FoN75+9FLlPHcbTxdqi9BqdOYN+2Hw5G7I9/AoFTvBHR+7ywJDI+aia77KCoylsTndE3sja3456J2rA==",
      "engines": {
        "node": ">=12.17.0"
      }
    },
    "node_modules/@ethersproject/math": {
      "version": "6.0.0-beta.3",
      "resolved": "https://registry.npmjs.org/@ethersproject/math/-/math-6.0.0-beta.3.tgz",
      "integrity": "sha512-kS4YBqSnv6W10ZekRTTwtVVUPeP+L9yBWKgGeuEyz8DHY82yyVn1INCU25aOOygekAVkmaPDytvmyN8vwMxTUA==",
      "dependencies": {
        "@ethersproject/bytes": "^6.0.0-beta.1",
        "@ethersproject/logger": "^6.0.0-beta.1"
      },
      "engines": {
        "node": ">=12.17.0"
      }
    },
    "node_modules/@ethersproject/properties": {
      "version": "6.0.0-beta.6",
      "resolved": "https://registry.npmjs.org/@ethersproject/properties/-/properties-6.0.0-beta.6.tgz",
      "integrity": "sha512-dVDsFK05qPSlqK03QAOiLGcfo12thi1qzLObBashmbOwF2DXpC8Xk/dF4EXZ/FXXtD8NNrAHsFg7fRl7lKDeFQ==",
      "dependencies": {
        "@ethersproject/logger": "^6.0.0-beta.1"
      },
      "engines": {
        "node": ">=12.17.0"
      }
    },
    "node_modules/@ethersproject/providers": {
      "version": "6.0.0-beta.8",
      "resolved": "https://registry.npmjs.org/@ethersproject/providers/-/providers-6.0.0-beta.8.tgz",
      "integrity": "sha512-T+FNpfH+GhGmJiZZUbNCELpQhsGA+e8AnpSiszY4LF7nLm9v7Kqt8D89U5YH2GclkFpAcguopw3CIhlFDlTgKg==",
      "dependencies": {
        "@ethersproject/address": "^6.0.0-beta.1",
        "@ethersproject/bytes": "^6.0.0-beta.1",
        "@ethersproject/hash": "^6.0.0-beta.1",
        "@ethersproject/logger": "^6.0.0-beta.1",
        "@ethersproject/math": "^6.0.0-beta.1",
        "@ethersproject/properties": "^6.0.0-beta.1",
        "@ethersproject/signing-key": "^6.0.0-beta.1",
        "@ethersproject/transaction": "^6.0.0-beta.1",
        "@ethersproject/web": "^6.0.0-beta.1",
        "ws": "8.5.0"
      },
      "engines": {
        "node": ">=12.17.0"
      }
    },
    "node_modules/@ethersproject/rlp": {
      "version": "6.0.0-beta.2",
      "resolved": "https://registry.npmjs.org/@ethersproject/rlp/-/rlp-6.0.0-beta.2.tgz",
      "integrity": "sha512-wGXvHMsiE0YdvpCEbZHUXwbGgGEPHd7eRedmjQrJ/tqBOHmqYLDkwYiQL9iCW2rfdsh60p0jRBF3Htb/WmWjmg==",
      "dependencies": {
        "@ethersproject/bytes": "^6.0.0-beta.1",
        "@ethersproject/logger": "^6.0.0-beta.1"
      },
      "engines": {
        "node": ">=12.17.0"
      }
    },
    "node_modules/@ethersproject/signing-key": {
      "version": "6.0.0-beta.2",
      "resolved": "https://registry.npmjs.org/@ethersproject/signing-key/-/signing-key-6.0.0-beta.2.tgz",
      "integrity": "sha512-mv3BSRw/KPySuPebxu/XbuzHSbmodNtRuU3HeOKv65qiGo9XtqMp8aikl23BhqdyNQZQW1f+ACzC/kVycHls0Q==",
      "dependencies": {
        "@ethersproject/bytes": "^6.0.0-beta.1",
        "@ethersproject/crypto": "^6.0.0-beta.1",
        "@ethersproject/logger": "^6.0.0-beta.1",
        "@ethersproject/math": "^6.0.0-beta.1",
        "@ethersproject/properties": "^6.0.0-beta.1",
        "@noble/secp256k1": "1.5.5"
      },
      "engines": {
        "node": ">=12.17.0"
      }
    },
    "node_modules/@ethersproject/strings": {
      "version": "6.0.0-beta.2",
      "resolved": "https://registry.npmjs.org/@ethersproject/strings/-/strings-6.0.0-beta.2.tgz",
      "integrity": "sha512-H+aFEsplzHqWXkJ2sVG27bRqWTbzyDNQI0V6bnf4klTm67ZkwdswsEl9R2qXVBozYxGTuYj+Rqmw9+S5lbb0aA==",
      "dependencies": {
        "@ethersproject/bytes": "^6.0.0-beta.1",
        "@ethersproject/logger": "^6.0.0-beta.1"
      },
      "engines": {
        "node": ">=12.17.0"
      }
    },
    "node_modules/@ethersproject/transaction": {
      "version": "6.0.0-beta.2",
      "resolved": "https://registry.npmjs.org/@ethersproject/transaction/-/transaction-6.0.0-beta.2.tgz",
      "integrity": "sha512-zHAS95LAadbN2IAqHqjJwvK150/klqIK9HTnTpE6vVCQpXWCx2Ici0/jtywYMCxT5WdtUnDNT9FHGIHecs7agA==",
      "dependencies": {
        "@ethersproject/address": "^6.0.0-beta.1",
        "@ethersproject/bytes": "^6.0.0-beta.1",
        "@ethersproject/crypto": "^6.0.0-beta.1",
        "@ethersproject/logger": "^6.0.0-beta.1",
        "@ethersproject/math": "^6.0.0-beta.1",
        "@ethersproject/properties": "^6.0.0-beta.1",
        "@ethersproject/rlp": "^6.0.0-beta.1",
        "@ethersproject/signing-key": "^6.0.0-beta.1"
      },
      "engines": {
        "node": ">=12.17.0"
      }
    },
    "node_modules/@ethersproject/wallet": {
      "version": "6.0.0-beta.8",
      "resolved": "https://registry.npmjs.org/@ethersproject/wallet/-/wallet-6.0.0-beta.8.tgz",
      "integrity": "sha512-7DcOYnR0cLcCRUP/uxpbGae6CFQisAidpVxpz4phD2zvjD2peYHXe5swXxVFDJaaWo56pFD3gq5MQU5s/Zmngg==",
      "dependencies": {
        "@ethersproject/address": "^6.0.0-beta.1",
        "@ethersproject/crypto": "^6.0.0-beta.1",
        "@ethersproject/hash": "^6.0.0-beta.1",
        "@ethersproject/logger": "^6.0.0-beta.1",
        "@ethersproject/properties": "^6.0.0-beta.1",
        "@ethersproject/providers": "^6.0.0-beta.1",
        "@ethersproject/signing-key": "^6.0.0-beta.1",
        "@ethersproject/strings": "^6.0.0-beta.1",
        "@ethersproject/transaction": "^6.0.0-beta.1",
        "@ethersproject/wordlists": "^6.0.0-beta.1",
        "aes-js": "4.0.0-beta.2"
      },
      "engines": {
        "node": ">=12.17.0"
      }
    },
    "node_modules/@ethersproject/web": {
      "version": "6.0.0-beta.6",
      "resolved": "https://registry.npmjs.org/@ethersproject/web/-/web-6.0.0-beta.6.tgz",
      "integrity": "sha512-d1xA6Yw+FFaMLqhfMK8Epdf0BGj1jNI5DM6NbpxiEFrY4JltCPggsQCkgBQnS+PJCzKBvSpGVL7TtvkWEa1Csg==",
      "dependencies": {
        "@ethersproject/bytes": "^6.0.0-beta.1",
        "@ethersproject/logger": "^6.0.0-beta.1",
        "@ethersproject/properties": "^6.0.0-beta.1",
        "@ethersproject/strings": "^6.0.0-beta.1"
      },
      "engines": {
        "node": ">=12.17.0"
      }
    },
    "node_modules/@ethersproject/wordlists": {
      "version": "6.0.0-beta.2",
      "resolved": "https://registry.npmjs.org/@ethersproject/wordlists/-/wordlists-6.0.0-beta.2.tgz",
      "integrity": "sha512-4ijeAB9TN8tgOErSXoMwA17eLj/hoMQzjr1OKhrT6zb2eXCUdkn/AjdkjasunRu5QdNlSTfs3Wd3jCN4ClDwKA==",
      "dependencies": {
        "@ethersproject/bytes": "^6.0.0-beta.1",
        "@ethersproject/logger": "^6.0.0-beta.1",
        "@ethersproject/properties": "^6.0.0-beta.1",
        "@ethersproject/strings": "^6.0.0-beta.1"
      },
      "engines": {
        "node": ">=12.17.0"
      }
    },
    "node_modules/@noble/hashes": {
      "version": "1.0.0",
      "resolved": "https://registry.npmjs.org/@noble/hashes/-/hashes-1.0.0.tgz",
      "integrity": "sha512-DZVbtY62kc3kkBtMHqwCOfXrT/hnoORy5BJ4+HU1IR59X0KWAOqsfzQPcUl/lQLlG7qXbe/fZ3r/emxtAl+sqg=="
    },
    "node_modules/@noble/secp256k1": {
      "version": "1.5.5",
      "resolved": "https://registry.npmjs.org/@noble/secp256k1/-/secp256k1-1.5.5.tgz",
      "integrity": "sha512-sZ1W6gQzYnu45wPrWx8D3kwI2/U29VYTx9OjbDAd7jwRItJ0cSTMPRL/C8AWZFn9kWFLQGqEXVEE86w4Z8LpIQ==",
      "funding": [
        {
          "type": "individual",
          "url": "https://paulmillr.com/funding/"
        }
      ]
    },
    "node_modules/@popperjs/core": {
      "version": "2.11.5",
      "resolved": "https://registry.npmjs.org/@popperjs/core/-/core-2.11.5.tgz",
      "integrity": "sha512-9X2obfABZuDVLCgPK9aX0a/x4jaOEweTTWE2+9sr0Qqqevj2Uv5XorvusThmc9XGYpS9yI+fhh8RTafBtGposw==",
      "peer": true,
      "funding": {
        "type": "opencollective",
        "url": "https://opencollective.com/popperjs"
      }
    },
    "node_modules/aes-js": {
      "version": "4.0.0-beta.2",
      "resolved": "https://registry.npmjs.org/aes-js/-/aes-js-4.0.0-beta.2.tgz",
      "integrity": "sha512-j6ogLm5hqIjFR4E0YMqsFn39PKKdtqMkVZGWKS4TsAXQ2dk4nWhoMjt9BI4W+GwA6n8dFbfgQYIzS1k9kUfwoQ=="
    },
    "node_modules/bootstrap": {
      "version": "5.1.3",
      "resolved": "https://registry.npmjs.org/bootstrap/-/bootstrap-5.1.3.tgz",
      "integrity": "sha512-fcQztozJ8jToQWXxVuEyXWW+dSo8AiXWKwiSSrKWsRB/Qt+Ewwza+JWoLKiTuQLaEPhdNAJ7+Dosc9DOIqNy7Q==",
      "funding": {
        "type": "opencollective",
        "url": "https://opencollective.com/bootstrap"
      },
      "peerDependencies": {
        "@popperjs/core": "^2.10.2"
      }
    },
    "node_modules/ethers": {
      "version": "6.0.0-beta.9",
      "resolved": "https://registry.npmjs.org/ethers/-/ethers-6.0.0-beta.9.tgz",
      "integrity": "sha512-Naj9yY8DvmTI5U4E+YkyjwCdranEVywN8mCp2V/iKN7UcCwiMFlSyahy5ghYKhfpjUbzlbiR3X/MMs/zt2/4bQ==",
      "dependencies": {
        "@ethersproject/abi": "6.0.0-beta.3",
        "@ethersproject/address": "6.0.0-beta.2",
        "@ethersproject/bytes": "6.0.0-beta.3",
        "@ethersproject/contract": "6.0.0-beta.4",
        "@ethersproject/crypto": "6.0.0-beta.2",
        "@ethersproject/hash": "6.0.0-beta.7",
        "@ethersproject/logger": "6.0.0-beta.7",
        "@ethersproject/math": "6.0.0-beta.3",
        "@ethersproject/properties": "6.0.0-beta.6",
        "@ethersproject/providers": "6.0.0-beta.8",
        "@ethersproject/rlp": "6.0.0-beta.2",
        "@ethersproject/signing-key": "6.0.0-beta.2",
        "@ethersproject/strings": "6.0.0-beta.2",
        "@ethersproject/transaction": "6.0.0-beta.2",
        "@ethersproject/wallet": "6.0.0-beta.8",
        "@ethersproject/web": "6.0.0-beta.6",
        "@ethersproject/wordlists": "6.0.0-beta.2"
      },
      "engines": {
        "node": ">=12.17.0"
      }
    },
    "node_modules/ws": {
      "version": "8.5.0",
      "resolved": "https://registry.npmjs.org/ws/-/ws-8.5.0.tgz",
      "integrity": "sha512-BWX0SWVgLPzYwF8lTzEy1egjhS4S4OEAHfsO8o65WOVsrnSRGaSiUaa9e0ggGlkMTtBlmOpEXiie9RUcBO86qg==",
      "engines": {
        "node": ">=10.0.0"
      },
      "peerDependencies": {
        "bufferutil": "^4.0.1",
        "utf-8-validate": "^5.0.2"
      },
      "peerDependenciesMeta": {
        "bufferutil": {
          "optional": true
        },
        "utf-8-validate": {
          "optional": true
        }
      }
    }
  },
  "dependencies": {
    "@ethersproject/abi": {
      "version": "6.0.0-beta.3",
      "resolved": "https://registry.npmjs.org/@ethersproject/abi/-/abi-6.0.0-beta.3.tgz",
      "integrity": "sha512-LoQlc8pQySNNfK0KDPnzH5ibf1E2GdBDHEvMNRbyGFTyYe4hy5clJ2iOkEZMbFt+eiBvptH2jDhB/Zhu77TJSQ==",
      "requires": {
        "@ethersproject/address": "^6.0.0-beta.1",
        "@ethersproject/bytes": "^6.0.0-beta.1",
        "@ethersproject/crypto": "^6.0.0-beta.1",
        "@ethersproject/hash": "^6.0.0-beta.1",
        "@ethersproject/logger": "^6.0.0-beta.1",
        "@ethersproject/math": "^6.0.0-beta.1",
        "@ethersproject/properties": "^6.0.0-beta.1",
        "@ethersproject/rlp": "^6.0.0-beta.1",
        "@ethersproject/strings": "^6.0.0-beta.1"
      }
    },
    "@ethersproject/address": {
      "version": "6.0.0-beta.2",
      "resolved": "https://registry.npmjs.org/@ethersproject/address/-/address-6.0.0-beta.2.tgz",
      "integrity": "sha512-FnCEwDD3edepRXv4Y2wuGyLE1NiXEplYzDkHIU77LLzxYsrmcoiJuFFeNIDPJOjPYGUq01Mv2UEAxYGq/RJsQA==",
      "requires": {
        "@ethersproject/bytes": "^6.0.0-beta.1",
        "@ethersproject/crypto": "^6.0.0-beta.1",
        "@ethersproject/logger": "^6.0.0-beta.1",
        "@ethersproject/rlp": "^6.0.0-beta.1"
      }
    },
    "@ethersproject/bytes": {
      "version": "6.0.0-beta.3",
      "resolved": "https://registry.npmjs.org/@ethersproject/bytes/-/bytes-6.0.0-beta.3.tgz",
      "integrity": "sha512-yA496ZVE/GsYYSMsjdOaWGHHYz+S2EEeG8xNKnSoPo0tUzPa+XC8bfURSv5p1Og+Sw5JsZahADlisOPzN6v+LQ==",
      "requires": {
        "@ethersproject/logger": "^6.0.0-beta.1"
      }
    },
    "@ethersproject/contract": {
      "version": "6.0.0-beta.4",
      "resolved": "https://registry.npmjs.org/@ethersproject/contract/-/contract-6.0.0-beta.4.tgz",
      "integrity": "sha512-qtex6eqQGVDSKQRJIRzEg1JSixX/wyXYLbDu1ffKMJxOHMeKi1jLUgD0UzZ4FkyPsJ4oUbYmZyuqt1+L0tfWuA==",
      "requires": {
        "@ethersproject/abi": "^6.0.0-beta.1",
        "@ethersproject/address": "^6.0.0-beta.1",
        "@ethersproject/bytes": "^6.0.0-beta.1",
        "@ethersproject/logger": "^6.0.0-beta.1",
        "@ethersproject/math": "^6.0.0-beta.1",
        "@ethersproject/properties": "^6.0.0-beta.1",
        "@ethersproject/providers": "^6.0.0-beta.1",
        "@ethersproject/transaction": "^6.0.0-beta.1"
      }
    },
    "@ethersproject/crypto": {
      "version": "6.0.0-beta.2",
      "resolved": "https://registry.npmjs.org/@ethersproject/crypto/-/crypto-6.0.0-beta.2.tgz",
      "integrity": "sha512-8lsD4NY+zVGme8++ZosMQbWIPAgcsuphwMVg9TEQbyq/tkf5IcPNVjbm5M+cFjMpkWc2qXhGd8OIrgMuZp2qng==",
      "requires": {
        "@ethersproject/bytes": "^6.0.0-beta.1",
        "@ethersproject/logger": "^6.0.0-beta.1",
        "@noble/hashes": "1.0.0"
      }
    },
    "@ethersproject/hash": {
      "version": "6.0.0-beta.7",
      "resolved": "https://registry.npmjs.org/@ethersproject/hash/-/hash-6.0.0-beta.7.tgz",
      "integrity": "sha512-+4HhU6gohm2VFwljAIXBUPOs9OSjq1Vcsy27e6pTdM9TJ/68N3Res3HisZq0pE3yT+f9FxgxHPJP3DecoBLIvw==",
      "requires": {
        "@ethersproject/address": "^6.0.0-beta.1",
        "@ethersproject/bytes": "^6.0.0-beta.1",
        "@ethersproject/crypto": "^6.0.0-beta.1",
        "@ethersproject/logger": "^6.0.0-beta.1",
        "@ethersproject/math": "^6.0.0-beta.1",
        "@ethersproject/properties": "^6.0.0-beta.1",
        "@ethersproject/strings": "^6.0.0-beta.1"
      }
    },
    "@ethersproject/logger": {
      "version": "6.0.0-beta.7",
      "resolved": "https://registry.npmjs.org/@ethersproject/logger/-/logger-6.0.0-beta.7.tgz",
      "integrity": "sha512-n+ss5A6FoN75+9FLlPHcbTxdqi9BqdOYN+2Hw5G7I9/AoFTvBHR+7ywJDI+aia77KCoylsTndE3sja3456J2rA=="
    },
    "@ethersproject/math": {
      "version": "6.0.0-beta.3",
      "resolved": "https://registry.npmjs.org/@ethersproject/math/-/math-6.0.0-beta.3.tgz",
      "integrity": "sha512-kS4YBqSnv6W10ZekRTTwtVVUPeP+L9yBWKgGeuEyz8DHY82yyVn1INCU25aOOygekAVkmaPDytvmyN8vwMxTUA==",
      "requires": {
        "@ethersproject/bytes": "^6.0.0-beta.1",
        "@ethersproject/logger": "^6.0.0-beta.1"
      }
    },
    "@ethersproject/properties": {
      "version": "6.0.0-beta.6",
      "resolved": "https://registry.npmjs.org/@ethersproject/properties/-/properties-6.0.0-beta.6.tgz",
      "integrity": "sha512-dVDsFK05qPSlqK03QAOiLGcfo12thi1qzLObBashmbOwF2DXpC8Xk/dF4EXZ/FXXtD8NNrAHsFg7fRl7lKDeFQ==",
      "requires": {
        "@ethersproject/logger": "^6.0.0-beta.1"
      }
    },
    "@ethersproject/providers": {
      "version": "6.0.0-beta.8",
      "resolved": "https://registry.npmjs.org/@ethersproject/providers/-/providers-6.0.0-beta.8.tgz",
      "integrity": "sha512-T+FNpfH+GhGmJiZZUbNCELpQhsGA+e8AnpSiszY4LF7nLm9v7Kqt8D89U5YH2GclkFpAcguopw3CIhlFDlTgKg==",
      "requires": {
        "@ethersproject/address": "^6.0.0-beta.1",
        "@ethersproject/bytes": "^6.0.0-beta.1",
        "@ethersproject/hash": "^6.0.0-beta.1",
        "@ethersproject/logger": "^6.0.0-beta.1",
        "@ethersproject/math": "^6.0.0-beta.1",
        "@ethersproject/properties": "^6.0.0-beta.1",
        "@ethersproject/signing-key": "^6.0.0-beta.1",
        "@ethersproject/transaction": "^6.0.0-beta.1",
        "@ethersproject/web": "^6.0.0-beta.1",
        "ws": "8.5.0"
      }
    },
    "@ethersproject/rlp": {
      "version": "6.0.0-beta.2",
      "resolved": "https://registry.npmjs.org/@ethersproject/rlp/-/rlp-6.0.0-beta.2.tgz",
      "integrity": "sha512-wGXvHMsiE0YdvpCEbZHUXwbGgGEPHd7eRedmjQrJ/tqBOHmqYLDkwYiQL9iCW2rfdsh60p0jRBF3Htb/WmWjmg==",
      "requires": {
        "@ethersproject/bytes": "^6.0.0-beta.1",
        "@ethersproject/logger": "^6.0.0-beta.1"
      }
    },
    "@ethersproject/signing-key": {
      "version": "6.0.0-beta.2",
      "resolved": "https://registry.npmjs.org/@ethersproject/signing-key/-/signing-key-6.0.0-beta.2.tgz",
      "integrity": "sha512-mv3BSRw/KPySuPebxu/XbuzHSbmodNtRuU3HeOKv65qiGo9XtqMp8aikl23BhqdyNQZQW1f+ACzC/kVycHls0Q==",
      "requires": {
        "@ethersproject/bytes": "^6.0.0-beta.1",
        "@ethersproject/crypto": "^6.0.0-beta.1",
        "@ethersproject/logger": "^6.0.0-beta.1",
        "@ethersproject/math": "^6.0.0-beta.1",
        "@ethersproject/properties": "^6.0.0-beta.1",
        "@noble/secp256k1": "1.5.5"
      }
    },
    "@ethersproject/strings": {
      "version": "6.0.0-beta.2",
      "resolved": "https://registry.npmjs.org/@ethersproject/strings/-/strings-6.0.0-beta.2.tgz",
      "integrity": "sha512-H+aFEsplzHqWXkJ2sVG27bRqWTbzyDNQI0V6bnf4klTm67ZkwdswsEl9R2qXVBozYxGTuYj+Rqmw9+S5lbb0aA==",
      "requires": {
        "@ethersproject/bytes": "^6.0.0-beta.1",
        "@ethersproject/logger": "^6.0.0-beta.1"
      }
    },
    "@ethersproject/transaction": {
      "version": "6.0.0-beta.2",
      "resolved": "https://registry.npmjs.org/@ethersproject/transaction/-/transaction-6.0.0-beta.2.tgz",
      "integrity": "sha512-zHAS95LAadbN2IAqHqjJwvK150/klqIK9HTnTpE6vVCQpXWCx2Ici0/jtywYMCxT5WdtUnDNT9FHGIHecs7agA==",
      "requires": {
        "@ethersproject/address": "^6.0.0-beta.1",
        "@ethersproject/bytes": "^6.0.0-beta.1",
        "@ethersproject/crypto": "^6.0.0-beta.1",
        "@ethersproject/logger": "^6.0.0-beta.1",
        "@ethersproject/math": "^6.0.0-beta.1",
        "@ethersproject/properties": "^6.0.0-beta.1",
        "@ethersproject/rlp": "^6.0.0-beta.1",
        "@ethersproject/signing-key": "^6.0.0-beta.1"
      }
    },
    "@ethersproject/wallet": {
      "version": "6.0.0-beta.8",
      "resolved": "https://registry.npmjs.org/@ethersproject/wallet/-/wallet-6.0.0-beta.8.tgz",
      "integrity": "sha512-7DcOYnR0cLcCRUP/uxpbGae6CFQisAidpVxpz4phD2zvjD2peYHXe5swXxVFDJaaWo56pFD3gq5MQU5s/Zmngg==",
      "requires": {
        "@ethersproject/address": "^6.0.0-beta.1",
        "@ethersproject/crypto": "^6.0.0-beta.1",
        "@ethersproject/hash": "^6.0.0-beta.1",
        "@ethersproject/logger": "^6.0.0-beta.1",
        "@ethersproject/properties": "^6.0.0-beta.1",
        "@ethersproject/providers": "^6.0.0-beta.1",
        "@ethersproject/signing-key": "^6.0.0-beta.1",
        "@ethersproject/strings": "^6.0.0-beta.1",
        "@ethersproject/transaction": "^6.0.0-beta.1",
        "@ethersproject/wordlists": "^6.0.0-beta.1",
        "aes-js": "4.0.0-beta.2"
      }
    },
    "@ethersproject/web": {
      "version": "6.0.0-beta.6",
      "resolved": "https://registry.npmjs.org/@ethersproject/web/-/web-6.0.0-beta.6.tgz",
      "integrity": "sha512-d1xA6Yw+FFaMLqhfMK8Epdf0BGj1jNI5DM6NbpxiEFrY4JltCPggsQCkgBQnS+PJCzKBvSpGVL7TtvkWEa1Csg==",
      "requires": {
        "@ethersproject/bytes": "^6.0.0-beta.1",
        "@ethersproject/logger": "^6.0.0-beta.1",
        "@ethersproject/properties": "^6.0.0-beta.1",
        "@ethersproject/strings": "^6.0.0-beta.1"
      }
    },
    "@ethersproject/wordlists": {
      "version": "6.0.0-beta.2",
      "resolved": "https://registry.npmjs.org/@ethersproject/wordlists/-/wordlists-6.0.0-beta.2.tgz",
      "integrity": "sha512-4ijeAB9TN8tgOErSXoMwA17eLj/hoMQzjr1OKhrT6zb2eXCUdkn/AjdkjasunRu5QdNlSTfs3Wd3jCN4ClDwKA==",
      "requires": {
        "@ethersproject/bytes": "^6.0.0-beta.1",
        "@ethersproject/logger": "^6.0.0-beta.1",
        "@ethersproject/properties": "^6.0.0-beta.1",
        "@ethersproject/strings": "^6.0.0-beta.1"
      }
    },
    "@noble/hashes": {
      "version": "1.0.0",
      "resolved": "https://registry.npmjs.org/@noble/hashes/-/hashes-1.0.0.tgz",
      "integrity": "sha512-DZVbtY62kc3kkBtMHqwCOfXrT/hnoORy5BJ4+HU1IR59X0KWAOqsfzQPcUl/lQLlG7qXbe/fZ3r/emxtAl+sqg=="
    },
    "@noble/secp256k1": {
      "version": "1.5.5",
      "resolved": "https://registry.npmjs.org/@noble/secp256k1/-/secp256k1-1.5.5.tgz",
      "integrity": "sha512-sZ1W6gQzYnu45wPrWx8D3kwI2/U29VYTx9OjbDAd7jwRItJ0cSTMPRL/C8AWZFn9kWFLQGqEXVEE86w4Z8LpIQ=="
    },
    "@popperjs/core": {
      "version": "2.11.5",
      "resolved": "https://registry.npmjs.org/@popperjs/core/-/core-2.11.5.tgz",
      "integrity": "sha512-9X2obfABZuDVLCgPK9aX0a/x4jaOEweTTWE2+9sr0Qqqevj2Uv5XorvusThmc9XGYpS9yI+fhh8RTafBtGposw==",
      "peer": true
    },
    "aes-js": {
      "version": "4.0.0-beta.2",
      "resolved": "https://registry.npmjs.org/aes-js/-/aes-js-4.0.0-beta.2.tgz",
      "integrity": "sha512-j6ogLm5hqIjFR4E0YMqsFn39PKKdtqMkVZGWKS4TsAXQ2dk4nWhoMjt9BI4W+GwA6n8dFbfgQYIzS1k9kUfwoQ=="
    },
    "bootstrap": {
      "version": "5.1.3",
      "resolved": "https://registry.npmjs.org/bootstrap/-/bootstrap-5.1.3.tgz",
      "integrity": "sha512-fcQztozJ8jToQWXxVuEyXWW+dSo8AiXWKwiSSrKWsRB/Qt+Ewwza+JWoLKiTuQLaEPhdNAJ7+Dosc9DOIqNy7Q==",
      "requires": {}
    },
    "ethers": {
      "version": "6.0.0-beta.9",
      "resolved": "https://registry.npmjs.org/ethers/-/ethers-6.0.0-beta.9.tgz",
      "integrity": "sha512-Naj9yY8DvmTI5U4E+YkyjwCdranEVywN8mCp2V/iKN7UcCwiMFlSyahy5ghYKhfpjUbzlbiR3X/MMs/zt2/4bQ==",
      "requires": {
        "@ethersproject/abi": "6.0.0-beta.3",
        "@ethersproject/address": "6.0.0-beta.2",
        "@ethersproject/bytes": "6.0.0-beta.3",
        "@ethersproject/contract": "6.0.0-beta.4",
        "@ethersproject/crypto": "6.0.0-beta.2",
        "@ethersproject/hash": "6.0.0-beta.7",
        "@ethersproject/logger": "6.0.0-beta.7",
        "@ethersproject/math": "6.0.0-beta.3",
        "@ethersproject/properties": "6.0.0-beta.6",
        "@ethersproject/providers": "6.0.0-beta.8",
        "@ethersproject/rlp": "6.0.0-beta.2",
        "@ethersproject/signing-key": "6.0.0-beta.2",
        "@ethersproject/strings": "6.0.0-beta.2",
        "@ethersproject/transaction": "6.0.0-beta.2",
        "@ethersproject/wallet": "6.0.0-beta.8",
        "@ethersproject/web": "6.0.0-beta.6",
        "@ethersproject/wordlists": "6.0.0-beta.2"
      }
    },
    "ws": {
      "version": "8.5.0",
      "resolved": "https://registry.npmjs.org/ws/-/ws-8.5.0.tgz",
      "integrity": "sha512-BWX0SWVgLPzYwF8lTzEy1egjhS4S4OEAHfsO8o65WOVsrnSRGaSiUaa9e0ggGlkMTtBlmOpEXiie9RUcBO86qg==",
      "requires": {}
    }
  }
}
